
Microsoft Visual Studio Solution File, Format Version 12.00
# Visual Studio Version 17
VisualStudioVersion = 17.13.36105.23 d17.13
MinimumVisualStudioVersion = 10.0.40219.1
Project("{888888A0-9F3D-457C-B088-3A5042F75D52}") = "pong", "pong.pyproj", "{3F768018-9501-44DA-AB79-CCE46ECD5207}"
EndProject
Global
	GlobalSection(SolutionConfigurationPlatforms) = preSolution
		Debug|Any CPU = Debug|Any CPU
		Release|Any CPU = Release|Any CPU
	EndGlobalSection
	GlobalSection(ProjectConfigurationPlatforms) = postSolution
		{3F768018-9501-44DA-AB79-CCE46ECD5207}.Debug|Any CPU.ActiveCfg = Debug|Any CPU
		{3F768018-9501-44DA-AB79-CCE46ECD5207}.Release|Any CPU.ActiveCfg = Release|Any CPU
	EndGlobalSection
	GlobalSection(SolutionProperties) = preSolution
		HideSolutionNode = FALSE
	EndGlobalSection
	GlobalSection(ExtensibilityGlobals) = postSolution
		SolutionGuid = {6A095210-9CBB-4EEA-BFC1-9D444D43EBCC}
	EndGlobalSection
EndGlobal
